
Microsoft Visual Studio Solution File, Format Version 12.00
# Visual Studio Version 17
VisualStudioVersion = 17.9.34714.143
MinimumVisualStudioVersion = 10.0.40219.1
Project("{9A19103F-16F7-4668-BE54-9A1E7A4F7556}") = "CC31N-TeamWP", "CC31N-TeamWP.csproj", "{3A5AB993-34DB-4570-AABB-386441C26E2F}"
EndProject
Project("{9A19103F-16F7-4668-BE54-9A1E7A4F7556}") = "Engine", "..\Engine\Engine.csproj", "{58BCCB89-A5B5-4BEF-B970-338EC1DF644B}"
EndProject
Global
	GlobalSection(SolutionConfigurationPlatforms) = preSolution
		Debug|Any CPU = Debug|Any CPU
		Release|Any CPU = Release|Any CPU
	EndGlobalSection
	GlobalSection(ProjectConfigurationPlatforms) = postSolution
		{3A5AB993-34DB-4570-AABB-386441C26E2F}.Debug|Any CPU.ActiveCfg = Debug|Any CPU
		{3A5AB993-34DB-4570-AABB-386441C26E2F}.Debug|Any CPU.Build.0 = Debug|Any CPU
		{3A5AB993-34DB-4570-AABB-386441C26E2F}.Release|Any CPU.ActiveCfg = Release|Any CPU
		{3A5AB993-34DB-4570-AABB-386441C26E2F}.Release|Any CPU.Build.0 = Release|Any CPU
		{58BCCB89-A5B5-4BEF-B970-338EC1DF644B}.Debug|Any CPU.ActiveCfg = Debug|Any CPU
		{58BCCB89-A5B5-4BEF-B970-338EC1DF644B}.Debug|Any CPU.Build.0 = Debug|Any CPU
		{58BCCB89-A5B5-4BEF-B970-338EC1DF644B}.Release|Any CPU.ActiveCfg = Release|Any CPU
		{58BCCB89-A5B5-4BEF-B970-338EC1DF644B}.Release|Any CPU.Build.0 = Release|Any CPU
	EndGlobalSection
	GlobalSection(SolutionProperties) = preSolution
		HideSolutionNode = FALSE
	EndGlobalSection
	GlobalSection(ExtensibilityGlobals) = postSolution
		SolutionGuid = {B1EAFF3A-5A5F-48B7-8809-968BC661DDC3}
	EndGlobalSection
EndGlobal
